
Microsoft Visual Studio Solution File, Format Version 12.00
# Visual Studio 2012
Project("{FAE04EC0-301F-11D3-BF4B-00C04F79EFBC}") = "Pgshardnet", "pgshardnet\Pgshardnet.csproj", "{AFCA893E-6DB4-447F-92F7-63F30D2BCCCD}"
EndProject
Global
	GlobalSection(SolutionConfigurationPlatforms) = preSolution
		Debug|Any CPU = Debug|Any CPU
		Release|Any CPU = Release|Any CPU
	EndGlobalSection
	GlobalSection(ProjectConfigurationPlatforms) = postSolution
		{AFCA893E-6DB4-447F-92F7-63F30D2BCCCD}.Debug|Any CPU.ActiveCfg = Debug|Any CPU
		{AFCA893E-6DB4-447F-92F7-63F30D2BCCCD}.Debug|Any CPU.Build.0 = Debug|Any CPU
		{AFCA893E-6DB4-447F-92F7-63F30D2BCCCD}.Release|Any CPU.ActiveCfg = Release|Any CPU
		{AFCA893E-6DB4-447F-92F7-63F30D2BCCCD}.Release|Any CPU.Build.0 = Release|Any CPU
	EndGlobalSection
	GlobalSection(SolutionProperties) = preSolution
		HideSolutionNode = FALSE
	EndGlobalSection
EndGlobal
